
Microsoft Visual Studio Solution File, Format Version 12.00
# Visual Studio 15
VisualStudioVersion = 15.0.27703.2035
MinimumVisualStudioVersion = 10.0.40219.1
Project("{FAE04EC0-301F-11D3-BF4B-00C04F79EFBC}") = "FunctionalTests", "FunctionalTests\FunctionalTests.csproj", "{C9ABD65D-D830-4184-80EE-289CA3420CD2}"
EndProject
Global
	GlobalSection(SolutionConfigurationPlatforms) = preSolution
		Debug|Any CPU = Debug|Any CPU
		Release|Any CPU = Release|Any CPU
	EndGlobalSection
	GlobalSection(ProjectConfigurationPlatforms) = postSolution
		{C9ABD65D-D830-4184-80EE-289CA3420CD2}.Debug|Any CPU.ActiveCfg = Debug|Any CPU
		{C9ABD65D-D830-4184-80EE-289CA3420CD2}.Debug|Any CPU.Build.0 = Debug|Any CPU
		{C9ABD65D-D830-4184-80EE-289CA3420CD2}.Release|Any CPU.ActiveCfg = Release|Any CPU
		{C9ABD65D-D830-4184-80EE-289CA3420CD2}.Release|Any CPU.Build.0 = Release|Any CPU
	EndGlobalSection
	GlobalSection(SolutionProperties) = preSolution
		HideSolutionNode = FALSE
	EndGlobalSection
	GlobalSection(ExtensibilityGlobals) = postSolution
		SolutionGuid = {05CA044D-E324-4149-A6EB-17ACE1774046}
	EndGlobalSection
EndGlobal
